// !$*UTF8*$!
{
	archiveVersion = 1;
	classes = {
	};
	objectVersion = 46;
	objects = {

/* Begin PBXBuildFile section */
		1A62945655A3CE87B3B67F61 /* Pods_Obesidad.framework in Frameworks */ = {isa = PBXBuildFile; fileRef = 0A5DDFFB51F68C13D0E6E8F1 /* Pods_Obesidad.framework */; };
		F2C19FD81D18B444003D9DB9 /* main.m in Sources */ = {isa = PBXBuildFile; fileRef = F2C19FD71D18B444003D9DB9 /* main.m */; };
		F2C19FDB1D18B444003D9DB9 /* AppDelegate.m in Sources */ = {isa = PBXBuildFile; fileRef = F2C19FDA1D18B444003D9DB9 /* AppDelegate.m */; };
		F2C19FDE1D18B444003D9DB9 /* Start.m in Sources */ = {isa = PBXBuildFile; fileRef = F2C19FDD1D18B444003D9DB9 /* Start.m */; };
		F2C19FE11D18B444003D9DB9 /* Main.storyboard in Resources */ = {isa = PBXBuildFile; fileRef = F2C19FDF1D18B444003D9DB9 /* Main.storyboard */; };
		F2C19FE31D18B444003D9DB9 /* Assets.xcassets in Resources */ = {isa = PBXBuildFile; fileRef = F2C19FE21D18B444003D9DB9 /* Assets.xcassets */; };
		F2C19FE61D18B444003D9DB9 /* LaunchScreen.storyboard in Resources */ = {isa = PBXBuildFile; fileRef = F2C19FE41D18B444003D9DB9 /* LaunchScreen.storyboard */; };
		F2C19FF21D18BAA9003D9DB9 /* IconApp.png in Resources */ = {isa = PBXBuildFile; fileRef = F2C19FF11D18BAA9003D9DB9 /* IconApp.png */; };
/* End PBXBuildFile section */

/* Begin PBXFileReference section */
		0A5DDFFB51F68C13D0E6E8F1 /* Pods_Obesidad.framework */ = {isa = PBXFileReference; explicitFileType = wrapper.framework; includeInIndex = 0; path = Pods_Obesidad.framework; sourceTree = BUILT_PRODUCTS_DIR; };
		4C4AC2903C1875FE2AAB06A1 /* Pods-Obesidad.release.xcconfig */ = {isa = PBXFileReference; includeInIndex = 1; lastKnownFileType = text.xcconfig; name = "Pods-Obesidad.release.xcconfig"; path = "Pods/Target Support Files/Pods-Obesidad/Pods-Obesidad.release.xcconfig"; sourceTree = "<group>"; };
		83DC759949037E09ECD00420 /* Pods-Obesidad.debug.xcconfig */ = {isa = PBXFileReference; includeInIndex = 1; lastKnownFileType = text.xcconfig; name = "Pods-Obesidad.debug.xcconfig"; path = "Pods/Target Support Files/Pods-Obesidad/Pods-Obesidad.debug.xcconfig"; sourceTree = "<group>"; };
		F2C19FD31D18B444003D9DB9 /* Obesidad.app */ = {isa = PBXFileReference; explicitFileType = wrapper.application; includeInIndex = 0; path = Obesidad.app; sourceTree = BUILT_PRODUCTS_DIR; };
		F2C19FD71D18B444003D9DB9 /* main.m */ = {isa = PBXFileReference; lastKnownFileType = sourcecode.c.objc; path = main.m; sourceTree = "<group>"; };
		F2C19FD91D18B444003D9DB9 /* AppDelegate.h */ = {isa = PBXFileReference; lastKnownFileType = sourcecode.c.h; path = AppDelegate.h; sourceTree = "<group>"; };
		F2C19FDA1D18B444003D9DB9 /* AppDelegate.m */ = {isa = PBXFileReference; lastKnownFileType = sourcecode.c.objc; path = AppDelegate.m; sourceTree = "<group>"; };
		F2C19FDC1D18B444003D9DB9 /* Start.h */ = {isa = PBXFileReference; lastKnownFileType = sourcecode.c.h; path = Start.h; sourceTree = "<group>"; };
		F2C19FDD1D18B444003D9DB9 /* Start.m */ = {isa = PBXFileReference; lastKnownFileType = sourcecode.c.objc; path = Start.m; sourceTree = "<group>"; };
		F2C19FE01D18B444003D9DB9 /* Base */ = {isa = PBXFileReference; lastKnownFileType = file.storyboard; name = Base; path = Base.lproj/Main.storyboard; sourceTree = "<group>"; };
		F2C19FE21D18B444003D9DB9 /* Assets.xcassets */ = {isa = PBXFileReference; lastKnownFileType = folder.assetcatalog; path = Assets.xcassets; sourceTree = "<group>"; };
		F2C19FE51D18B444003D9DB9 /* Base */ = {isa = PBXFileReference; lastKnownFileType = file.storyboard; name = Base; path = Base.lproj/LaunchScreen.storyboard; sourceTree = "<group>"; };
		F2C19FE71D18B444003D9DB9 /* Info.plist */ = {isa = PBXFileReference; lastKnownFileType = text.plist.xml; path = Info.plist; sourceTree = "<group>"; };
		F2C19FF11D18BAA9003D9DB9 /* IconApp.png */ = {isa = PBXFileReference; lastKnownFileType = image.png; name = IconApp.png; path = Media/IconApp.png; sourceTree = "<group>"; };
/* End PBXFileReference section */

/* Begin PBXFrameworksBuildPhase section */
		F2C19FD01D18B444003D9DB9 /* Frameworks */ = {
			isa = PBXFrameworksBuildPhase;
			buildActionMask = 2147483647;
			files = (
				1A62945655A3CE87B3B67F61 /* Pods_Obesidad.framework in Frameworks */,
			);
			runOnlyForDeploymentPostprocessing = 0;
		};
/* End PBXFrameworksBuildPhase section */

/* Begin PBXGroup section */
		022E45FFF97FDD587D8AC8D3 /* Frameworks */ = {
			isa = PBXGroup;
			children = (
				0A5DDFFB51F68C13D0E6E8F1 /* Pods_Obesidad.framework */,
			);
			name = Frameworks;
			sourceTree = "<group>";
		};
		1026D981C8F727B10EBDCCD3 /* Pods */ = {
			isa = PBXGroup;
			children = (
				83DC759949037E09ECD00420 /* Pods-Obesidad.debug.xcconfig */,
				4C4AC2903C1875FE2AAB06A1 /* Pods-Obesidad.release.xcconfig */,
			);
			name = Pods;
			sourceTree = "<group>";
		};
		F2C19FCA1D18B443003D9DB9 = {
			isa = PBXGroup;
			children = (
				F2C19FD51D18B444003D9DB9 /* Obesidad */,
				F2C19FD41D18B444003D9DB9 /* Products */,
				1026D981C8F727B10EBDCCD3 /* Pods */,
				022E45FFF97FDD587D8AC8D3 /* Frameworks */,
			);
			sourceTree = "<group>";
		};
		F2C19FD41D18B444003D9DB9 /* Products */ = {
			isa = PBXGroup;
			children = (
				F2C19FD31D18B444003D9DB9 /* Obesidad.app */,
			);
			name = Products;
			sourceTree = "<group>";
		};
		F2C19FD51D18B444003D9DB9 /* Obesidad */ = {
			isa = PBXGroup;
			children = (
				F2C19FF01D18B49F003D9DB9 /* Media */,
				F2C19FEF1D18B491003D9DB9 /* Storyboards */,
				F2C19FEE1D18B486003D9DB9 /* Controllers */,
				F2C19FED1D18B47D003D9DB9 /* Main */,
				F2C19FD61D18B444003D9DB9 /* Supporting Files */,
			);
			path = Obesidad;
			sourceTree = "<group>";
		};
		F2C19FD61D18B444003D9DB9 /* Supporting Files */ = {
			isa = PBXGroup;
			children = (
				F2C19FD71D18B444003D9DB9 /* main.m */,
			);
			name = "Supporting Files";
			sourceTree = "<group>";
		};
		F2C19FED1D18B47D003D9DB9 /* Main */ = {
			isa = PBXGroup;
			children = (
				F2C19FE71D18B444003D9DB9 /* Info.plist */,
				F2C19FD91D18B444003D9DB9 /* AppDelegate.h */,
				F2C19FDA1D18B444003D9DB9 /* AppDelegate.m */,
			);
			name = Main;
			sourceTree = "<group>";
		};
		F2C19FEE1D18B486003D9DB9 /* Controllers */ = {
			isa = PBXGroup;
			children = (
				F2C19FDC1D18B444003D9DB9 /* Start.h */,
				F2C19FDD1D18B444003D9DB9 /* Start.m */,
			);
			name = Controllers;
			sourceTree = "<group>";
		};
		F2C19FEF1D18B491003D9DB9 /* Storyboards */ = {
			isa = PBXGroup;
			children = (
				F2C19FDF1D18B444003D9DB9 /* Main.storyboard */,
				F2C19FE41D18B444003D9DB9 /* LaunchScreen.storyboard */,
			);
			name = Storyboards;
			sourceTree = "<group>";
		};
		F2C19FF01D18B49F003D9DB9 /* Media */ = {
			isa = PBXGroup;
			children = (
				F2C19FF11D18BAA9003D9DB9 /* IconApp.png */,
				F2C19FE21D18B444003D9DB9 /* Assets.xcassets */,
			);
			name = Media;
			sourceTree = "<group>";
		};
/* End PBXGroup section */

/* Begin PBXNativeTarget section */
		F2C19FD21D18B444003D9DB9 /* Obesidad */ = {
			isa = PBXNativeTarget;
			buildConfigurationList = F2C19FEA1D18B444003D9DB9 /* Build configuration list for PBXNativeTarget "Obesidad" */;
			buildPhases = (
				B0513B436F1DAC0945376BBB /* Check Pods Manifest.lock */,
				F2C19FCF1D18B444003D9DB9 /* Sources */,
				F2C19FD01D18B444003D9DB9 /* Frameworks */,
				F2C19FD11D18B444003D9DB9 /* Resources */,
				A82BC4D8D2A67402A9AF7AB3 /* Embed Pods Frameworks */,
				F7B0CACE3B6D10DBCFDB5D9B /* Copy Pods Resources */,
			);
			buildRules = (
			);
			dependencies = (
			);
			name = Obesidad;
			productName = Obesidad;
			productReference = F2C19FD31D18B444003D9DB9 /* Obesidad.app */;
			productType = "com.apple.product-type.application";
		};
/* End PBXNativeTarget section */

/* Begin PBXProject section */
		F2C19FCB1D18B443003D9DB9 /* Project object */ = {
			isa = PBXProject;
			attributes = {
				LastUpgradeCheck = 0730;
				ORGANIZATIONNAME = "Galileo Guzman";
				TargetAttributes = {
					F2C19FD21D18B444003D9DB9 = {
						CreatedOnToolsVersion = 7.3;
					};
				};
			};
			buildConfigurationList = F2C19FCE1D18B443003D9DB9 /* Build configuration list for PBXProject "Obesidad" */;
			compatibilityVersion = "Xcode 3.2";
			developmentRegion = English;
			hasScannedForEncodings = 0;
			knownRegions = (
				en,
				Base,
			);
			mainGroup = F2C19FCA1D18B443003D9DB9;
			productRefGroup = F2C19FD41D18B444003D9DB9 /* Products */;
			projectDirPath = "";
			projectRoot = "";
			targets = (
				F2C19FD21D18B444003D9DB9 /* Obesidad */,
			);
		};
/* End PBXProject section */

/* Begin PBXResourcesBuildPhase section */
		F2C19FD11D18B444003D9DB9 /* Resources */ = {
			isa = PBXResourcesBuildPhase;
			buildActionMask = 2147483647;
			files = (
				F2C19FF21D18BAA9003D9DB9 /* IconApp.png in Resources */,
				F2C19FE61D18B444003D9DB9 /* LaunchScreen.storyboard in Resources */,
				F2C19FE31D18B444003D9DB9 /* Assets.xcassets in Resources */,
				F2C19FE11D18B444003D9DB9 /* Main.storyboard in Resources */,
			);
			runOnlyForDeploymentPostprocessing = 0;
		};
/* End PBXResourcesBuildPhase section */

/* Begin PBXShellScriptBuildPhase section */
		A82BC4D8D2A67402A9AF7AB3 /* Embed Pods Frameworks */ = {
			isa = PBXShellScriptBuildPhase;
			buildActionMask = 2147483647;
			files = (
			);
			inputPaths = (
			);
			name = "Embed Pods Frameworks";
			outputPaths = (
			);
			runOnlyForDeploymentPostprocessing = 0;
			shellPath = /bin/sh;
			shellScript = "\"${SRCROOT}/Pods/Target Support Files/Pods-Obesidad/Pods-Obesidad-frameworks.sh\"\n";
			showEnvVarsInLog = 0;
		};
		B0513B436F1DAC0945376BBB /* Check Pods Manifest.lock */ = {
			isa = PBXShellScriptBuildPhase;
			buildActionMask = 2147483647;
			files = (
			);
			inputPaths = (
			);
			name = "Check Pods Manifest.lock";
			outputPaths = (
			);
			runOnlyForDeploymentPostprocessing = 0;
			shellPath = /bin/sh;
			shellScript = "diff \"${PODS_ROOT}/../Podfile.lock\" \"${PODS_ROOT}/Manifest.lock\" > /dev/null\nif [[ $? != 0 ]] ; then\n    cat << EOM\nerror: The sandbox is not in sync with the Podfile.lock. Run 'pod install' or update your CocoaPods installation.\nEOM\n    exit 1\nfi\n";
			showEnvVarsInLog = 0;
		};
		F7B0CACE3B6D10DBCFDB5D9B /* Copy Pods Resources */ = {
			isa = PBXShellScriptBuildPhase;
			buildActionMask = 2147483647;
			files = (
			);
			inputPaths = (
			);
			name = "Copy Pods Resources";
			outputPaths = (
			);
			runOnlyForDeploymentPostprocessing = 0;
			shellPath = /bin/sh;
			shellScript = "\"${SRCROOT}/Pods/Target Support Files/Pods-Obesidad/Pods-Obesidad-resources.sh\"\n";
			showEnvVarsInLog = 0;
		};
/* End PBXShellScriptBuildPhase section */

/* Begin PBXSourcesBuildPhase section */
		F2C19FCF1D18B444003D9DB9 /* Sources */ = {
			isa = PBXSourcesBuildPhase;
			buildActionMask = 2147483647;
			files = (
				F2C19FDE1D18B444003D9DB9 /* Start.m in Sources */,
				F2C19FDB1D18B444003D9DB9 /* AppDelegate.m in Sources */,
				F2C19FD81D18B444003D9DB9 /* main.m in Sources */,
			);
			runOnlyForDeploymentPostprocessing = 0;
		};
/* End PBXSourcesBuildPhase section */

/* Begin PBXVariantGroup section */
		F2C19FDF1D18B444003D9DB9 /* Main.storyboard */ = {
			isa = PBXVariantGroup;
			children = (
				F2C19FE01D18B444003D9DB9 /* Base */,
			);
			name = Main.storyboard;
			sourceTree = "<group>";
		};
		F2C19FE41D18B444003D9DB9 /* LaunchScreen.storyboard */ = {
			isa = PBXVariantGroup;
			children = (
				F2C19FE51D18B444003D9DB9 /* Base */,
			);
			name = LaunchScreen.storyboard;
			sourceTree = "<group>";
		};
/* End PBXVariantGroup section */

/* Begin XCBuildConfiguration section */
		F2C19FE81D18B444003D9DB9 /* Debug */ = {
			isa = XCBuildConfiguration;
			buildSettings = {
				ALWAYS_SEARCH_USER_PATHS = NO;
				CLANG_ANALYZER_NONNULL = YES;
				CLANG_CXX_LANGUAGE_STANDARD = "gnu++0x";
				CLANG_CXX_LIBRARY = "libc++";
				CLANG_ENABLE_MODULES = YES;
				CLANG_ENABLE_OBJC_ARC = YES;
				CLANG_WARN_BOOL_CONVERSION = YES;
				CLANG_WARN_CONSTANT_CONVERSION = YES;
				CLANG_WARN_DIRECT_OBJC_ISA_USAGE = YES_ERROR;
				CLANG_WARN_EMPTY_BODY = YES;
				CLANG_WARN_ENUM_CONVERSION = YES;
				CLANG_WARN_INT_CONVERSION = YES;
				CLANG_WARN_OBJC_ROOT_CLASS = YES_ERROR;
				CLANG_WARN_UNREACHABLE_CODE = YES;
				CLANG_WARN__DUPLICATE_METHOD_MATCH = YES;
				"CODE_SIGN_IDENTITY[sdk=iphoneos*]" = "iPhone Developer";
				COPY_PHASE_STRIP = NO;
				DEBUG_INFORMATION_FORMAT = dwarf;
				ENABLE_STRICT_OBJC_MSGSEND = YES;
				ENABLE_TESTABILITY = YES;
				GCC_C_LANGUAGE_STANDARD = gnu99;
				GCC_DYNAMIC_NO_PIC = NO;
				GCC_NO_COMMON_BLOCKS = YES;
				GCC_OPTIMIZATION_LEVEL = 0;
				GCC_PREPROCESSOR_DEFINITIONS = (
					"DEBUG=1",
					"$(inherited)",
				);
				GCC_WARN_64_TO_32_BIT_CONVERSION = YES;
				GCC_WARN_ABOUT_RETURN_TYPE = YES_ERROR;
				GCC_WARN_UNDECLARED_SELECTOR = YES;
				GCC_WARN_UNINITIALIZED_AUTOS = YES_AGGRESSIVE;
				GCC_WARN_UNUSED_FUNCTION = YES;
				GCC_WARN_UNUSED_VARIABLE = YES;
				IPHONEOS_DEPLOYMENT_TARGET = 9.3;
				MTL_ENABLE_DEBUG_INFO = YES;
				ONLY_ACTIVE_ARCH = YES;
				SDKROOT = iphoneos;
			};
			name = Debug;
		};
		F2C19FE91D18B444003D9DB9 /* Release */ = {
			isa = XCBuildConfiguration;
			buildSettings = {
				ALWAYS_SEARCH_USER_PATHS = NO;
				CLANG_ANALYZER_NONNULL = YES;
				CLANG_CXX_LANGUAGE_STANDARD = "gnu++0x";
				CLANG_CXX_LIBRARY = "libc++";
				CLANG_ENABLE_MODULES = YES;
				CLANG_ENABLE_OBJC_ARC = YES;
				CLANG_WARN_BOOL_CONVERSION = YES;
				CLANG_WARN_CONSTANT_CONVERSION = YES;
				CLANG_WARN_DIRECT_OBJC_ISA_USAGE = YES_ERROR;
				CLANG_WARN_EMPTY_BODY = YES;
				CLANG_WARN_ENUM_CONVERSION = YES;
				CLANG_WARN_INT_CONVERSION = YES;
				CLANG_WARN_OBJC_ROOT_CLASS = YES_ERROR;
				CLANG_WARN_UNREACHABLE_CODE = YES;
				CLANG_WARN__DUPLICATE_METHOD_MATCH = YES;
				"CODE_SIGN_IDENTITY[sdk=iphoneos*]" = "iPhone Developer";
				COPY_PHASE_STRIP = NO;
				DEBUG_INFORMATION_FORMAT = "dwarf-with-dsym";
				ENABLE_NS_ASSERTIONS = NO;
				ENABLE_STRICT_OBJC_MSGSEND = YES;
				GCC_C_LANGUAGE_STANDARD = gnu99;
				GCC_NO_COMMON_BLOCKS = YES;
				GCC_WARN_64_TO_32_BIT_CONVERSION = YES;
				GCC_WARN_ABOUT_RETURN_TYPE = YES_ERROR;
				GCC_WARN_UNDECLARED_SELECTOR = YES;
				GCC_WARN_UNINITIALIZED_AUTOS = YES_AGGRESSIVE;
				GCC_WARN_UNUSED_FUNCTION = YES;
				GCC_WARN_UNUSED_VARIABLE = YES;
				IPHONEOS_DEPLOYMENT_TARGET = 9.3;
				MTL_ENABLE_DEBUG_INFO = NO;
				SDKROOT = iphoneos;
				VALIDATE_PRODUCT = YES;
			};
			name = Release;
		};
		F2C19FEB1D18B444003D9DB9 /* Debug */ = {
			isa = XCBuildConfiguration;
			baseConfigurationReference = 83DC759949037E09ECD00420 /* Pods-Obesidad.debug.xcconfig */;
			buildSettings = {
				ASSETCATALOG_COMPILER_APPICON_NAME = AppIcon;
				INFOPLIST_FILE = Obesidad/Info.plist;
				LD_RUNPATH_SEARCH_PATHS = "$(inherited) @executable_path/Frameworks";
				PRODUCT_BUNDLE_IDENTIFIER = com.galileoguzman.Obesidad;
				PRODUCT_NAME = "$(TARGET_NAME)";
			};
			name = Debug;
		};
		F2C19FEC1D18B444003D9DB9 /* Release */ = {
			isa = XCBuildConfiguration;
			baseConfigurationReference = 4C4AC2903C1875FE2AAB06A1 /* Pods-Obesidad.release.xcconfig */;
			buildSettings = {
				ASSETCATALOG_COMPILER_APPICON_NAME = AppIcon;
				INFOPLIST_FILE = Obesidad/Info.plist;
				LD_RUNPATH_SEARCH_PATHS = "$(inherited) @executable_path/Frameworks";
				PRODUCT_BUNDLE_IDENTIFIER = com.galileoguzman.Obesidad;
				PRODUCT_NAME = "$(TARGET_NAME)";
			};
			name = Release;
		};
/* End XCBuildConfiguration section */

/* Begin XCConfigurationList section */
		F2C19FCE1D18B443003D9DB9 /* Build configuration list for PBXProject "Obesidad" */ = {
			isa = XCConfigurationList;
			buildConfigurations = (
				F2C19FE81D18B444003D9DB9 /* Debug */,
				F2C19FE91D18B444003D9DB9 /* Release */,
			);
			defaultConfigurationIsVisible = 0;
			defaultConfigurationName = Release;
		};
		F2C19FEA1D18B444003D9DB9 /* Build configuration list for PBXNativeTarget "Obesidad" */ = {
			isa = XCConfigurationList;
			buildConfigurations = (
				F2C19FEB1D18B444003D9DB9 /* Debug */,
				F2C19FEC1D18B444003D9DB9 /* Release */,
			);
			defaultConfigurationIsVisible = 0;
			defaultConfigurationName = Release;
		};
/* End XCConfigurationList section */
	};
	rootObject = F2C19FCB1D18B443003D9DB9 /* Project object */;
}
